
Microsoft Visual Studio Solution File, Format Version 12.00
# Visual Studio Version 16
VisualStudioVersion = 16.0.30320.27
MinimumVisualStudioVersion = 10.0.40219.1
Project("{FAE04EC0-301F-11D3-BF4B-00C04F79EFBC}") = "BA.BoiseAutoFabrics.Tests", "BA.BoiseAutoFabrics.Tests\BA.BoiseAutoFabrics.Tests.csproj", "{6F5CFECF-BCFB-4E6E-859B-05A0F7D57719}"
EndProject
Global
	GlobalSection(SolutionConfigurationPlatforms) = preSolution
		Debug|Any CPU = Debug|Any CPU
		Release|Any CPU = Release|Any CPU
	EndGlobalSection
	GlobalSection(ProjectConfigurationPlatforms) = postSolution
		{6F5CFECF-BCFB-4E6E-859B-05A0F7D57719}.Debug|Any CPU.ActiveCfg = Debug|Any CPU
		{6F5CFECF-BCFB-4E6E-859B-05A0F7D57719}.Debug|Any CPU.Build.0 = Debug|Any CPU
		{6F5CFECF-BCFB-4E6E-859B-05A0F7D57719}.Release|Any CPU.ActiveCfg = Release|Any CPU
		{6F5CFECF-BCFB-4E6E-859B-05A0F7D57719}.Release|Any CPU.Build.0 = Release|Any CPU
	EndGlobalSection
	GlobalSection(SolutionProperties) = preSolution
		HideSolutionNode = FALSE
	EndGlobalSection
	GlobalSection(ExtensibilityGlobals) = postSolution
		SolutionGuid = {C5B51265-10D6-4A02-A7C2-A703EA80776E}
	EndGlobalSection
EndGlobal
